{"1.2.0",
[{<<"katana_code">>,{pkg,<<"katana_code">>,<<"2.1.0">>},0},
 {<<"zipper">>,{pkg,<<"zipper">>,<<"1.0.1">>},0}]}.
[
{pkg_hash,[
 {<<"katana_code">>, <<"0C42BDCD7E59995876AED9F678CF62E3D12EF42E0FBB2190556E64BFEBDD15C6">>},
 {<<"zipper">>, <<"3CCB4F14B97C06B2749B93D8B6C204A1ECB6FAFC6050CACC3B93B9870C05952A">>}]},
{pkg_hash_ext,[
 {<<"katana_code">>, <<"AE3BBACA187511588F69695A9FF22251CB2CC672FDCCC180289779BDD25175EF">>},
 {<<"zipper">>, <<"6A1FD3E1F0CC1D1DF5642C9A0CE2178036411B0A5C9642851D1DA276BD737C2D">>}]}
].
